// !$*UTF8*$!
{
	archiveVersion = 1;
	classes = {
	};
	objectVersion = 77;
	objects = {

/* Begin PBXBuildFile section */
		440EE9C22DDC57B7001531F4 /* SnapKit in Frameworks */ = {isa = PBXBuildFile; productRef = 440EE9C12DDC57B7001531F4 /* SnapKit */; };
		440EE9C52DDC57C9001531F4 /* RxCocoa in Frameworks */ = {isa = PBXBuildFile; productRef = 440EE9C42DDC57C9001531F4 /* RxCocoa */; };
		440EE9C72DDC57C9001531F4 /* RxRelay in Frameworks */ = {isa = PBXBuildFile; productRef = 440EE9C62DDC57C9001531F4 /* RxRelay */; };
		440EE9C92DDC57C9001531F4 /* RxSwift in Frameworks */ = {isa = PBXBuildFile; productRef = 440EE9C82DDC57C9001531F4 /* RxSwift */; };
		4434F62D2DE4A84A00C46F05 /* WidgetKit.framework in Frameworks */ = {isa = PBXBuildFile; fileRef = 4434F62C2DE4A84A00C46F05 /* WidgetKit.framework */; };
		4434F62F2DE4A84A00C46F05 /* SwiftUI.framework in Frameworks */ = {isa = PBXBuildFile; fileRef = 4434F62E2DE4A84A00C46F05 /* SwiftUI.framework */; };
		4434F63A2DE4A84B00C46F05 /* ClockWidgetExtension.appex in Embed Foundation Extensions */ = {isa = PBXBuildFile; fileRef = 4434F62A2DE4A84A00C46F05 /* ClockWidgetExtension.appex */; settings = {ATTRIBUTES = (RemoveHeadersOnCopy, ); }; };
/* End PBXBuildFile section */

/* Begin PBXContainerItemProxy section */
		4434F6382DE4A84B00C46F05 /* PBXContainerItemProxy */ = {
			isa = PBXContainerItemProxy;
			containerPortal = 440EE99A2DDC5370001531F4 /* Project object */;
			proxyType = 1;
			remoteGlobalIDString = 4434F6292DE4A84A00C46F05;
			remoteInfo = ClockWidgetExtension;
		};
/* End PBXContainerItemProxy section */

/* Begin PBXCopyFilesBuildPhase section */
		4434F63F2DE4A84B00C46F05 /* Embed Foundation Extensions */ = {
			isa = PBXCopyFilesBuildPhase;
			buildActionMask = 2147483647;
			dstPath = "";
			dstSubfolderSpec = 13;
			files = (
				4434F63A2DE4A84B00C46F05 /* ClockWidgetExtension.appex in Embed Foundation Extensions */,
			);
			name = "Embed Foundation Extensions";
			runOnlyForDeploymentPostprocessing = 0;
		};
/* End PBXCopyFilesBuildPhase section */

/* Begin PBXFileReference section */
		440EE9A22DDC5370001531F4 /* Clock.app */ = {isa = PBXFileReference; explicitFileType = wrapper.application; includeInIndex = 0; path = Clock.app; sourceTree = BUILT_PRODUCTS_DIR; };
		4434F62A2DE4A84A00C46F05 /* ClockWidgetExtension.appex */ = {isa = PBXFileReference; explicitFileType = "wrapper.app-extension"; includeInIndex = 0; path = ClockWidgetExtension.appex; sourceTree = BUILT_PRODUCTS_DIR; };
		4434F62C2DE4A84A00C46F05 /* WidgetKit.framework */ = {isa = PBXFileReference; lastKnownFileType = wrapper.framework; name = WidgetKit.framework; path = System/Library/Frameworks/WidgetKit.framework; sourceTree = SDKROOT; };
		4434F62E2DE4A84A00C46F05 /* SwiftUI.framework */ = {isa = PBXFileReference; lastKnownFileType = wrapper.framework; name = SwiftUI.framework; path = System/Library/Frameworks/SwiftUI.framework; sourceTree = SDKROOT; };
		4434F6512DE4C20700C46F05 /* ClockWidgetExtension.entitlements */ = {isa = PBXFileReference; lastKnownFileType = text.plist.entitlements; path = ClockWidgetExtension.entitlements; sourceTree = "<group>"; };
/* End PBXFileReference section */

/* Begin PBXFileSystemSynchronizedBuildFileExceptionSet section */
		440EE9B42DDC5372001531F4 /* Exceptions for "Clock" folder in "Clock" target */ = {
			isa = PBXFileSystemSynchronizedBuildFileExceptionSet;
			membershipExceptions = (
				App/Info.plist,
			);
			target = 440EE9A12DDC5370001531F4 /* Clock */;
		};
		4434F63E2DE4A84B00C46F05 /* Exceptions for "ClockWidget" folder in "ClockWidgetExtension" target */ = {
			isa = PBXFileSystemSynchronizedBuildFileExceptionSet;
			membershipExceptions = (
				App/Info.plist,
			);
			target = 4434F6292DE4A84A00C46F05 /* ClockWidgetExtension */;
		};
		4434F6472DE4AC7000C46F05 /* Exceptions for "ClockWidget" folder in "Clock" target */ = {
			isa = PBXFileSystemSynchronizedBuildFileExceptionSet;
			membershipExceptions = (
				Alarm/AlarmEntry.swift,
				Alarm/AlarmProvider.swift,
				Alarm/AlarmWidget.swift,
				"Alarm/CoreDataAlarmStorage+Extensions.swift",
			);
			target = 440EE9A12DDC5370001531F4 /* Clock */;
		};
		4434F7532DE4CDFD00C46F05 /* Exceptions for "Clock" folder in "ClockWidgetExtension" target */ = {
			isa = PBXFileSystemSynchronizedBuildFileExceptionSet;
			membershipExceptions = (
				Data/Error/CoreDataError.swift,
				Data/Interface/Persistence/AlarmStorage.swift,
				Data/Model/Alarm/AlarmEntity.swift,
				Data/Model/Alarm/AlarmGroupEntity.swift,
				Data/Model/Alarm/RepeatDayEntity.swift,
				Data/Model/DataModel.xcdatamodeld,
				Data/Persistence/CoreDataAlarmStorage.swift,
				Data/Persistence/CoreDataStack.swift,
			);
			target = 4434F6292DE4A84A00C46F05 /* ClockWidgetExtension */;
		};
/* End PBXFileSystemSynchronizedBuildFileExceptionSet section */

/* Begin PBXFileSystemSynchronizedRootGroup section */
		440EE9A42DDC5370001531F4 /* Clock */ = {
			isa = PBXFileSystemSynchronizedRootGroup;
			exceptions = (
				440EE9B42DDC5372001531F4 /* Exceptions for "Clock" folder in "Clock" target */,
				4434F7532DE4CDFD00C46F05 /* Exceptions for "Clock" folder in "ClockWidgetExtension" target */,
			);
			path = Clock;
			sourceTree = "<group>";
		};
		4434F6302DE4A84A00C46F05 /* ClockWidget */ = {
			isa = PBXFileSystemSynchronizedRootGroup;
			exceptions = (
				4434F6472DE4AC7000C46F05 /* Exceptions for "ClockWidget" folder in "Clock" target */,
				4434F63E2DE4A84B00C46F05 /* Exceptions for "ClockWidget" folder in "ClockWidgetExtension" target */,
			);
			path = ClockWidget;
			sourceTree = "<group>";
		};
/* End PBXFileSystemSynchronizedRootGroup section */

/* Begin PBXFrameworksBuildPhase section */
		440EE99F2DDC5370001531F4 /* Frameworks */ = {
			isa = PBXFrameworksBuildPhase;
			buildActionMask = 2147483647;
			files = (
				440EE9C72DDC57C9001531F4 /* RxRelay in Frameworks */,
				440EE9C52DDC57C9001531F4 /* RxCocoa in Frameworks */,
				440EE9C92DDC57C9001531F4 /* RxSwift in Frameworks */,
				440EE9C22DDC57B7001531F4 /* SnapKit in Frameworks */,
			);
			runOnlyForDeploymentPostprocessing = 0;
		};
		4434F6272DE4A84A00C46F05 /* Frameworks */ = {
			isa = PBXFrameworksBuildPhase;
			buildActionMask = 2147483647;
			files = (
				4434F62F2DE4A84A00C46F05 /* SwiftUI.framework in Frameworks */,
				4434F62D2DE4A84A00C46F05 /* WidgetKit.framework in Frameworks */,
			);
			runOnlyForDeploymentPostprocessing = 0;
		};
/* End PBXFrameworksBuildPhase section */

/* Begin PBXGroup section */
		440EE9992DDC5370001531F4 = {
			isa = PBXGroup;
			children = (
				4434F6512DE4C20700C46F05 /* ClockWidgetExtension.entitlements */,
				440EE9A42DDC5370001531F4 /* Clock */,
				4434F6302DE4A84A00C46F05 /* ClockWidget */,
				4434F62B2DE4A84A00C46F05 /* Frameworks */,
				440EE9A32DDC5370001531F4 /* Products */,
			);
			sourceTree = "<group>";
		};
		440EE9A32DDC5370001531F4 /* Products */ = {
			isa = PBXGroup;
			children = (
				440EE9A22DDC5370001531F4 /* Clock.app */,
				4434F62A2DE4A84A00C46F05 /* ClockWidgetExtension.appex */,
			);
			name = Products;
			sourceTree = "<group>";
		};
		4434F62B2DE4A84A00C46F05 /* Frameworks */ = {
			isa = PBXGroup;
			children = (
				4434F62C2DE4A84A00C46F05 /* WidgetKit.framework */,
				4434F62E2DE4A84A00C46F05 /* SwiftUI.framework */,
			);
			name = Frameworks;
			sourceTree = "<group>";
		};
/* End PBXGroup section */

/* Begin PBXNativeTarget section */
		440EE9A12DDC5370001531F4 /* Clock */ = {
			isa = PBXNativeTarget;
			buildConfigurationList = 440EE9B52DDC5372001531F4 /* Build configuration list for PBXNativeTarget "Clock" */;
			buildPhases = (
				440EE99E2DDC5370001531F4 /* Sources */,
				440EE99F2DDC5370001531F4 /* Frameworks */,
				440EE9A02DDC5370001531F4 /* Resources */,
				4434F63F2DE4A84B00C46F05 /* Embed Foundation Extensions */,
			);
			buildRules = (
			);
			dependencies = (
				4434F6392DE4A84B00C46F05 /* PBXTargetDependency */,
			);
			fileSystemSynchronizedGroups = (
				440EE9A42DDC5370001531F4 /* Clock */,
			);
			name = Clock;
			packageProductDependencies = (
				440EE9C12DDC57B7001531F4 /* SnapKit */,
				440EE9C42DDC57C9001531F4 /* RxCocoa */,
				440EE9C62DDC57C9001531F4 /* RxRelay */,
				440EE9C82DDC57C9001531F4 /* RxSwift */,
			);
			productName = Clock;
			productReference = 440EE9A22DDC5370001531F4 /* Clock.app */;
			productType = "com.apple.product-type.application";
		};
		4434F6292DE4A84A00C46F05 /* ClockWidgetExtension */ = {
			isa = PBXNativeTarget;
			buildConfigurationList = 4434F63B2DE4A84B00C46F05 /* Build configuration list for PBXNativeTarget "ClockWidgetExtension" */;
			buildPhases = (
				4434F6262DE4A84A00C46F05 /* Sources */,
				4434F6272DE4A84A00C46F05 /* Frameworks */,
				4434F6282DE4A84A00C46F05 /* Resources */,
			);
			buildRules = (
			);
			dependencies = (
			);
			fileSystemSynchronizedGroups = (
				4434F6302DE4A84A00C46F05 /* ClockWidget */,
			);
			name = ClockWidgetExtension;
			packageProductDependencies = (
			);
			productName = ClockWidgetExtension;
			productReference = 4434F62A2DE4A84A00C46F05 /* ClockWidgetExtension.appex */;
			productType = "com.apple.product-type.app-extension";
		};
/* End PBXNativeTarget section */

/* Begin PBXProject section */
		440EE99A2DDC5370001531F4 /* Project object */ = {
			isa = PBXProject;
			attributes = {
				BuildIndependentTargetsInParallel = 1;
				LastSwiftUpdateCheck = 1630;
				LastUpgradeCheck = 1630;
				TargetAttributes = {
					440EE9A12DDC5370001531F4 = {
						CreatedOnToolsVersion = 16.3;
					};
					4434F6292DE4A84A00C46F05 = {
						CreatedOnToolsVersion = 16.3;
					};
				};
			};
			buildConfigurationList = 440EE99D2DDC5370001531F4 /* Build configuration list for PBXProject "Clock" */;
			developmentRegion = en;
			hasScannedForEncodings = 0;
			knownRegions = (
				en,
				Base,
			);
			mainGroup = 440EE9992DDC5370001531F4;
			minimizedProjectReferenceProxies = 1;
			packageReferences = (
				440EE9C02DDC57B7001531F4 /* XCRemoteSwiftPackageReference "SnapKit" */,
				440EE9C32DDC57C9001531F4 /* XCRemoteSwiftPackageReference "RxSwift" */,
			);
			preferredProjectObjectVersion = 77;
			productRefGroup = 440EE9A32DDC5370001531F4 /* Products */;
			projectDirPath = "";
			projectRoot = "";
			targets = (
				440EE9A12DDC5370001531F4 /* Clock */,
				4434F6292DE4A84A00C46F05 /* ClockWidgetExtension */,
			);
		};
/* End PBXProject section */

/* Begin PBXResourcesBuildPhase section */
		440EE9A02DDC5370001531F4 /* Resources */ = {
			isa = PBXResourcesBuildPhase;
			buildActionMask = 2147483647;
			files = (
			);
			runOnlyForDeploymentPostprocessing = 0;
		};
		4434F6282DE4A84A00C46F05 /* Resources */ = {
			isa = PBXResourcesBuildPhase;
			buildActionMask = 2147483647;
			files = (
			);
			runOnlyForDeploymentPostprocessing = 0;
		};
/* End PBXResourcesBuildPhase section */

/* Begin PBXSourcesBuildPhase section */
		440EE99E2DDC5370001531F4 /* Sources */ = {
			isa = PBXSourcesBuildPhase;
			buildActionMask = 2147483647;
			files = (
			);
			runOnlyForDeploymentPostprocessing = 0;
		};
		4434F6262DE4A84A00C46F05 /* Sources */ = {
			isa = PBXSourcesBuildPhase;
			buildActionMask = 2147483647;
			files = (
			);
			runOnlyForDeploymentPostprocessing = 0;
		};
/* End PBXSourcesBuildPhase section */

/* Begin PBXTargetDependency section */
		4434F6392DE4A84B00C46F05 /* PBXTargetDependency */ = {
			isa = PBXTargetDependency;
			target = 4434F6292DE4A84A00C46F05 /* ClockWidgetExtension */;
			targetProxy = 4434F6382DE4A84B00C46F05 /* PBXContainerItemProxy */;
		};
/* End PBXTargetDependency section */

/* Begin XCBuildConfiguration section */
		440EE9B62DDC5372001531F4 /* Debug */ = {
			isa = XCBuildConfiguration;
			buildSettings = {
				ASSETCATALOG_COMPILER_APPICON_NAME = AppIcon;
				ASSETCATALOG_COMPILER_GLOBAL_ACCENT_COLOR_NAME = AccentColor;
				CODE_SIGN_ENTITLEMENTS = Clock/Clock.entitlements;
				CODE_SIGN_STYLE = Automatic;
				CURRENT_PROJECT_VERSION = 1;
				DEVELOPMENT_TEAM = 37CRZBHS68;
				GENERATE_INFOPLIST_FILE = YES;
				INFOPLIST_FILE = Clock/App/Info.plist;
				INFOPLIST_KEY_UIApplicationSupportsIndirectInputEvents = YES;
				INFOPLIST_KEY_UISupportedInterfaceOrientations = UIInterfaceOrientationPortrait;
				INFOPLIST_KEY_UISupportedInterfaceOrientations_iPad = "UIInterfaceOrientationLandscapeLeft UIInterfaceOrientationLandscapeRight UIInterfaceOrientationPortrait UIInterfaceOrientationPortraitUpsideDown";
				INFOPLIST_KEY_UIUserInterfaceStyle = Dark;
				IPHONEOS_DEPLOYMENT_TARGET = 16.0;
				LD_RUNPATH_SEARCH_PATHS = (
					"$(inherited)",
					"@executable_path/Frameworks",
				);
				MARKETING_VERSION = 1.0;
				PRODUCT_BUNDLE_IDENTIFIER = "nbcamp-letswork.ClockApp";
				PRODUCT_NAME = "$(TARGET_NAME)";
				SUPPORTED_PLATFORMS = "iphoneos iphonesimulator";
				SUPPORTS_MACCATALYST = NO;
				SUPPORTS_MAC_DESIGNED_FOR_IPHONE_IPAD = NO;
				SUPPORTS_XR_DESIGNED_FOR_IPHONE_IPAD = NO;
				SWIFT_EMIT_LOC_STRINGS = YES;
				SWIFT_VERSION = 5.0;
				TARGETED_DEVICE_FAMILY = 1;
			};
			name = Debug;
		};
		440EE9B72DDC5372001531F4 /* Release */ = {
			isa = XCBuildConfiguration;
			buildSettings = {
				ASSETCATALOG_COMPILER_APPICON_NAME = AppIcon;
				ASSETCATALOG_COMPILER_GLOBAL_ACCENT_COLOR_NAME = AccentColor;
				CODE_SIGN_ENTITLEMENTS = Clock/Clock.entitlements;
				CODE_SIGN_STYLE = Automatic;
				CURRENT_PROJECT_VERSION = 1;
				DEVELOPMENT_TEAM = 37CRZBHS68;
				GENERATE_INFOPLIST_FILE = YES;
				INFOPLIST_FILE = Clock/App/Info.plist;
				INFOPLIST_KEY_UIApplicationSupportsIndirectInputEvents = YES;
				INFOPLIST_KEY_UISupportedInterfaceOrientations = UIInterfaceOrientationPortrait;
				INFOPLIST_KEY_UISupportedInterfaceOrientations_iPad = "UIInterfaceOrientationLandscapeLeft UIInterfaceOrientationLandscapeRight UIInterfaceOrientationPortrait UIInterfaceOrientationPortraitUpsideDown";
				INFOPLIST_KEY_UIUserInterfaceStyle = Dark;
				IPHONEOS_DEPLOYMENT_TARGET = 16.0;
				LD_RUNPATH_SEARCH_PATHS = (
					"$(inherited)",
					"@executable_path/Frameworks",
				);
				MARKETING_VERSION = 1.0;
				PRODUCT_BUNDLE_IDENTIFIER = "nbcamp-letswork.ClockApp";
				PRODUCT_NAME = "$(TARGET_NAME)";
				SUPPORTED_PLATFORMS = "iphoneos iphonesimulator";
				SUPPORTS_MACCATALYST = NO;
				SUPPORTS_MAC_DESIGNED_FOR_IPHONE_IPAD = NO;
				SUPPORTS_XR_DESIGNED_FOR_IPHONE_IPAD = NO;
				SWIFT_EMIT_LOC_STRINGS = YES;
				SWIFT_VERSION = 5.0;
				TARGETED_DEVICE_FAMILY = 1;
			};
			name = Release;
		};
		440EE9B82DDC5372001531F4 /* Debug */ = {
			isa = XCBuildConfiguration;
			buildSettings = {
				ALWAYS_SEARCH_USER_PATHS = NO;
				ASSETCATALOG_COMPILER_GENERATE_SWIFT_ASSET_SYMBOL_EXTENSIONS = YES;
				CLANG_ANALYZER_NONNULL = YES;
				CLANG_ANALYZER_NUMBER_OBJECT_CONVERSION = YES_AGGRESSIVE;
				CLANG_CXX_LANGUAGE_STANDARD = "gnu++20";
				CLANG_ENABLE_MODULES = YES;
				CLANG_ENABLE_OBJC_ARC = YES;
				CLANG_ENABLE_OBJC_WEAK = YES;
				CLANG_WARN_BLOCK_CAPTURE_AUTORELEASING = YES;
				CLANG_WARN_BOOL_CONVERSION = YES;
				CLANG_WARN_COMMA = YES;
				CLANG_WARN_CONSTANT_CONVERSION = YES;
				CLANG_WARN_DEPRECATED_OBJC_IMPLEMENTATIONS = YES;
				CLANG_WARN_DIRECT_OBJC_ISA_USAGE = YES_ERROR;
				CLANG_WARN_DOCUMENTATION_COMMENTS = YES;
				CLANG_WARN_EMPTY_BODY = YES;
				CLANG_WARN_ENUM_CONVERSION = YES;
				CLANG_WARN_INFINITE_RECURSION = YES;
				CLANG_WARN_INT_CONVERSION = YES;
				CLANG_WARN_NON_LITERAL_NULL_CONVERSION = YES;
				CLANG_WARN_OBJC_IMPLICIT_RETAIN_SELF = YES;
				CLANG_WARN_OBJC_LITERAL_CONVERSION = YES;
				CLANG_WARN_OBJC_ROOT_CLASS = YES_ERROR;
				CLANG_WARN_QUOTED_INCLUDE_IN_FRAMEWORK_HEADER = YES;
				CLANG_WARN_RANGE_LOOP_ANALYSIS = YES;
				CLANG_WARN_STRICT_PROTOTYPES = YES;
				CLANG_WARN_SUSPICIOUS_MOVE = YES;
				CLANG_WARN_UNGUARDED_AVAILABILITY = YES_AGGRESSIVE;
				CLANG_WARN_UNREACHABLE_CODE = YES;
				CLANG_WARN__DUPLICATE_METHOD_MATCH = YES;
				COPY_PHASE_STRIP = NO;
				DEBUG_INFORMATION_FORMAT = dwarf;
				ENABLE_STRICT_OBJC_MSGSEND = YES;
				ENABLE_TESTABILITY = YES;
				ENABLE_USER_SCRIPT_SANDBOXING = YES;
				GCC_C_LANGUAGE_STANDARD = gnu17;
				GCC_DYNAMIC_NO_PIC = NO;
				GCC_NO_COMMON_BLOCKS = YES;
				GCC_OPTIMIZATION_LEVEL = 0;
				GCC_PREPROCESSOR_DEFINITIONS = (
					"DEBUG=1",
					"$(inherited)",
				);
				GCC_WARN_64_TO_32_BIT_CONVERSION = YES;
				GCC_WARN_ABOUT_RETURN_TYPE = YES_ERROR;
				GCC_WARN_UNDECLARED_SELECTOR = YES;
				GCC_WARN_UNINITIALIZED_AUTOS = YES_AGGRESSIVE;
				GCC_WARN_UNUSED_FUNCTION = YES;
				GCC_WARN_UNUSED_VARIABLE = YES;
				IPHONEOS_DEPLOYMENT_TARGET = 18.4;
				LOCALIZATION_PREFERS_STRING_CATALOGS = YES;
				MTL_ENABLE_DEBUG_INFO = INCLUDE_SOURCE;
				MTL_FAST_MATH = YES;
				ONLY_ACTIVE_ARCH = YES;
				SDKROOT = iphoneos;
				SWIFT_ACTIVE_COMPILATION_CONDITIONS = "DEBUG $(inherited)";
				SWIFT_OPTIMIZATION_LEVEL = "-Onone";
			};
			name = Debug;
		};
		440EE9B92DDC5372001531F4 /* Release */ = {
			isa = XCBuildConfiguration;
			buildSettings = {
				ALWAYS_SEARCH_USER_PATHS = NO;
				ASSETCATALOG_COMPILER_GENERATE_SWIFT_ASSET_SYMBOL_EXTENSIONS = YES;
				CLANG_ANALYZER_NONNULL = YES;
				CLANG_ANALYZER_NUMBER_OBJECT_CONVERSION = YES_AGGRESSIVE;
				CLANG_CXX_LANGUAGE_STANDARD = "gnu++20";
				CLANG_ENABLE_MODULES = YES;
				CLANG_ENABLE_OBJC_ARC = YES;
				CLANG_ENABLE_OBJC_WEAK = YES;
				CLANG_WARN_BLOCK_CAPTURE_AUTORELEASING = YES;
				CLANG_WARN_BOOL_CONVERSION = YES;
				CLANG_WARN_COMMA = YES;
				CLANG_WARN_CONSTANT_CONVERSION = YES;
				CLANG_WARN_DEPRECATED_OBJC_IMPLEMENTATIONS = YES;
				CLANG_WARN_DIRECT_OBJC_ISA_USAGE = YES_ERROR;
				CLANG_WARN_DOCUMENTATION_COMMENTS = YES;
				CLANG_WARN_EMPTY_BODY = YES;
				CLANG_WARN_ENUM_CONVERSION = YES;
				CLANG_WARN_INFINITE_RECURSION = YES;
				CLANG_WARN_INT_CONVERSION = YES;
				CLANG_WARN_NON_LITERAL_NULL_CONVERSION = YES;
				CLANG_WARN_OBJC_IMPLICIT_RETAIN_SELF = YES;
				CLANG_WARN_OBJC_LITERAL_CONVERSION = YES;
				CLANG_WARN_OBJC_ROOT_CLASS = YES_ERROR;
				CLANG_WARN_QUOTED_INCLUDE_IN_FRAMEWORK_HEADER = YES;
				CLANG_WARN_RANGE_LOOP_ANALYSIS = YES;
				CLANG_WARN_STRICT_PROTOTYPES = YES;
				CLANG_WARN_SUSPICIOUS_MOVE = YES;
				CLANG_WARN_UNGUARDED_AVAILABILITY = YES_AGGRESSIVE;
				CLANG_WARN_UNREACHABLE_CODE = YES;
				CLANG_WARN__DUPLICATE_METHOD_MATCH = YES;
				COPY_PHASE_STRIP = NO;
				DEBUG_INFORMATION_FORMAT = "dwarf-with-dsym";
				ENABLE_NS_ASSERTIONS = NO;
				ENABLE_STRICT_OBJC_MSGSEND = YES;
				ENABLE_USER_SCRIPT_SANDBOXING = YES;
				GCC_C_LANGUAGE_STANDARD = gnu17;
				GCC_NO_COMMON_BLOCKS = YES;
				GCC_WARN_64_TO_32_BIT_CONVERSION = YES;
				GCC_WARN_ABOUT_RETURN_TYPE = YES_ERROR;
				GCC_WARN_UNDECLARED_SELECTOR = YES;
				GCC_WARN_UNINITIALIZED_AUTOS = YES_AGGRESSIVE;
				GCC_WARN_UNUSED_FUNCTION = YES;
				GCC_WARN_UNUSED_VARIABLE = YES;
				IPHONEOS_DEPLOYMENT_TARGET = 18.4;
				LOCALIZATION_PREFERS_STRING_CATALOGS = YES;
				MTL_ENABLE_DEBUG_INFO = NO;
				MTL_FAST_MATH = YES;
				SDKROOT = iphoneos;
				SWIFT_COMPILATION_MODE = wholemodule;
				VALIDATE_PRODUCT = YES;
			};
			name = Release;
		};
		4434F63C2DE4A84B00C46F05 /* Debug */ = {
			isa = XCBuildConfiguration;
			buildSettings = {
				ASSETCATALOG_COMPILER_GLOBAL_ACCENT_COLOR_NAME = AccentColor;
				ASSETCATALOG_COMPILER_WIDGET_BACKGROUND_COLOR_NAME = WidgetBackground;
				CODE_SIGN_ENTITLEMENTS = ClockWidgetExtension.entitlements;
				CODE_SIGN_STYLE = Automatic;
				CURRENT_PROJECT_VERSION = 1;
				DEVELOPMENT_TEAM = 37CRZBHS68;
				GENERATE_INFOPLIST_FILE = YES;
				INFOPLIST_FILE = ClockWidget/App/Info.plist;
				INFOPLIST_KEY_CFBundleDisplayName = ClockWidget;
				INFOPLIST_KEY_NSHumanReadableCopyright = "";
				IPHONEOS_DEPLOYMENT_TARGET = 16.1;
				LD_RUNPATH_SEARCH_PATHS = (
					"$(inherited)",
					"@executable_path/Frameworks",
					"@executable_path/../../Frameworks",
				);
				MARKETING_VERSION = 1.0;
				PRODUCT_BUNDLE_IDENTIFIER = "nbcamp-letswork.ClockApp.ClockWidget";
				PRODUCT_NAME = "$(TARGET_NAME)";
				SKIP_INSTALL = YES;
				SWIFT_EMIT_LOC_STRINGS = YES;
				SWIFT_VERSION = 5.0;
				TARGETED_DEVICE_FAMILY = "1,2";
			};
			name = Debug;
		};
		4434F63D2DE4A84B00C46F05 /* Release */ = {
			isa = XCBuildConfiguration;
			buildSettings = {
				ASSETCATALOG_COMPILER_GLOBAL_ACCENT_COLOR_NAME = AccentColor;
				ASSETCATALOG_COMPILER_WIDGET_BACKGROUND_COLOR_NAME = WidgetBackground;
				CODE_SIGN_ENTITLEMENTS = ClockWidgetExtension.entitlements;
				CODE_SIGN_STYLE = Automatic;
				CURRENT_PROJECT_VERSION = 1;
				DEVELOPMENT_TEAM = 37CRZBHS68;
				GENERATE_INFOPLIST_FILE = YES;
				INFOPLIST_FILE = ClockWidget/App/Info.plist;
				INFOPLIST_KEY_CFBundleDisplayName = ClockWidget;
				INFOPLIST_KEY_NSHumanReadableCopyright = "";
				IPHONEOS_DEPLOYMENT_TARGET = 16.1;
				LD_RUNPATH_SEARCH_PATHS = (
					"$(inherited)",
					"@executable_path/Frameworks",
					"@executable_path/../../Frameworks",
				);
				MARKETING_VERSION = 1.0;
				PRODUCT_BUNDLE_IDENTIFIER = "nbcamp-letswork.ClockApp.ClockWidget";
				PRODUCT_NAME = "$(TARGET_NAME)";
				SKIP_INSTALL = YES;
				SWIFT_EMIT_LOC_STRINGS = YES;
				SWIFT_VERSION = 5.0;
				TARGETED_DEVICE_FAMILY = "1,2";
			};
			name = Release;
		};
/* End XCBuildConfiguration section */

/* Begin XCConfigurationList section */
		440EE99D2DDC5370001531F4 /* Build configuration list for PBXProject "Clock" */ = {
			isa = XCConfigurationList;
			buildConfigurations = (
				440EE9B82DDC5372001531F4 /* Debug */,
				440EE9B92DDC5372001531F4 /* Release */,
			);
			defaultConfigurationIsVisible = 0;
			defaultConfigurationName = Release;
		};
		440EE9B52DDC5372001531F4 /* Build configuration list for PBXNativeTarget "Clock" */ = {
			isa = XCConfigurationList;
			buildConfigurations = (
				440EE9B62DDC5372001531F4 /* Debug */,
				440EE9B72DDC5372001531F4 /* Release */,
			);
			defaultConfigurationIsVisible = 0;
			defaultConfigurationName = Release;
		};
		4434F63B2DE4A84B00C46F05 /* Build configuration list for PBXNativeTarget "ClockWidgetExtension" */ = {
			isa = XCConfigurationList;
			buildConfigurations = (
				4434F63C2DE4A84B00C46F05 /* Debug */,
				4434F63D2DE4A84B00C46F05 /* Release */,
			);
			defaultConfigurationIsVisible = 0;
			defaultConfigurationName = Release;
		};
/* End XCConfigurationList section */

/* Begin XCRemoteSwiftPackageReference section */
		440EE9C02DDC57B7001531F4 /* XCRemoteSwiftPackageReference "SnapKit" */ = {
			isa = XCRemoteSwiftPackageReference;
			repositoryURL = "https://github.com/SnapKit/SnapKit";
			requirement = {
				kind = exactVersion;
				version = 5.7.1;
			};
		};
		440EE9C32DDC57C9001531F4 /* XCRemoteSwiftPackageReference "RxSwift" */ = {
			isa = XCRemoteSwiftPackageReference;
			repositoryURL = "https://github.com/ReactiveX/RxSwift";
			requirement = {
				kind = exactVersion;
				version = 6.9.0;
			};
		};
/* End XCRemoteSwiftPackageReference section */

/* Begin XCSwiftPackageProductDependency section */
		440EE9C12DDC57B7001531F4 /* SnapKit */ = {
			isa = XCSwiftPackageProductDependency;
			package = 440EE9C02DDC57B7001531F4 /* XCRemoteSwiftPackageReference "SnapKit" */;
			productName = SnapKit;
		};
		440EE9C42DDC57C9001531F4 /* RxCocoa */ = {
			isa = XCSwiftPackageProductDependency;
			package = 440EE9C32DDC57C9001531F4 /* XCRemoteSwiftPackageReference "RxSwift" */;
			productName = RxCocoa;
		};
		440EE9C62DDC57C9001531F4 /* RxRelay */ = {
			isa = XCSwiftPackageProductDependency;
			package = 440EE9C32DDC57C9001531F4 /* XCRemoteSwiftPackageReference "RxSwift" */;
			productName = RxRelay;
		};
		440EE9C82DDC57C9001531F4 /* RxSwift */ = {
			isa = XCSwiftPackageProductDependency;
			package = 440EE9C32DDC57C9001531F4 /* XCRemoteSwiftPackageReference "RxSwift" */;
			productName = RxSwift;
		};
/* End XCSwiftPackageProductDependency section */
	};
	rootObject = 440EE99A2DDC5370001531F4 /* Project object */;
}
